
Microsoft Visual Studio Solution File, Format Version 12.00
# Visual Studio Version 17
VisualStudioVersion = 17.5.33516.290
MinimumVisualStudioVersion = 10.0.40219.1
Project("{9A19103F-16F7-4668-BE54-9A1E7A4F7556}") = "Lab13", "Lab13.csproj", "{E1A28951-F086-441B-A830-7400A1D45F4B}"
EndProject
Global
	GlobalSection(SolutionConfigurationPlatforms) = preSolution
		Debug|Any CPU = Debug|Any CPU
		Release|Any CPU = Release|Any CPU
	EndGlobalSection
	GlobalSection(ProjectConfigurationPlatforms) = postSolution
		{E1A28951-F086-441B-A830-7400A1D45F4B}.Debug|Any CPU.ActiveCfg = Debug|Any CPU
		{E1A28951-F086-441B-A830-7400A1D45F4B}.Debug|Any CPU.Build.0 = Debug|Any CPU
		{E1A28951-F086-441B-A830-7400A1D45F4B}.Release|Any CPU.ActiveCfg = Release|Any CPU
		{E1A28951-F086-441B-A830-7400A1D45F4B}.Release|Any CPU.Build.0 = Release|Any CPU
	EndGlobalSection
	GlobalSection(SolutionProperties) = preSolution
		HideSolutionNode = FALSE
	EndGlobalSection
	GlobalSection(ExtensibilityGlobals) = postSolution
		SolutionGuid = {F85E0DA9-B486-49D1-B898-A3E174749C09}
	EndGlobalSection
EndGlobal
